
Microsoft Visual Studio Solution File, Format Version 12.00
# Visual Studio Version 17
VisualStudioVersion = 17.13.35818.85 d17.13
MinimumVisualStudioVersion = 10.0.40219.1
Project("{FAE04EC0-301F-11D3-BF4B-00C04F79EFBC}") = "test", "test\test.csproj", "{3657640E-A5C7-47E2-B2FB-6891C9078767}"
EndProject
Global
	GlobalSection(SolutionConfigurationPlatforms) = preSolution
		Debug|Any CPU = Debug|Any CPU
		Release|Any CPU = Release|Any CPU
	EndGlobalSection
	GlobalSection(ProjectConfigurationPlatforms) = postSolution
		{3657640E-A5C7-47E2-B2FB-6891C9078767}.Debug|Any CPU.ActiveCfg = Debug|Any CPU
		{3657640E-A5C7-47E2-B2FB-6891C9078767}.Debug|Any CPU.Build.0 = Debug|Any CPU
		{3657640E-A5C7-47E2-B2FB-6891C9078767}.Release|Any CPU.ActiveCfg = Release|Any CPU
		{3657640E-A5C7-47E2-B2FB-6891C9078767}.Release|Any CPU.Build.0 = Release|Any CPU
	EndGlobalSection
	GlobalSection(SolutionProperties) = preSolution
		HideSolutionNode = FALSE
	EndGlobalSection
	GlobalSection(ExtensibilityGlobals) = postSolution
		SolutionGuid = {3D6ECB12-FB8D-4901-951A-3BD5927EA4AF}
	EndGlobalSection
EndGlobal
